
Microsoft Visual Studio Solution File, Format Version 12.00
# Visual Studio 14
VisualStudioVersion = 14.0.25420.1
MinimumVisualStudioVersion = 10.0.40219.1
Project("{FAE04EC0-301F-11D3-BF4B-00C04F79EFBC}") = "Mvc5StarterKit", "Mvc5StarterKit\Mvc5StarterKit.csproj", "{51F83CB6-167B-4789-8BE2-63970FFB9D44}"
EndProject
Global
	GlobalSection(SolutionConfigurationPlatforms) = preSolution
		Debug|Any CPU = Debug|Any CPU
		Release|Any CPU = Release|Any CPU
	EndGlobalSection
	GlobalSection(ProjectConfigurationPlatforms) = postSolution
		{51F83CB6-167B-4789-8BE2-63970FFB9D44}.Debug|Any CPU.ActiveCfg = Debug|Any CPU
		{51F83CB6-167B-4789-8BE2-63970FFB9D44}.Debug|Any CPU.Build.0 = Debug|Any CPU
		{51F83CB6-167B-4789-8BE2-63970FFB9D44}.Release|Any CPU.ActiveCfg = Release|Any CPU
		{51F83CB6-167B-4789-8BE2-63970FFB9D44}.Release|Any CPU.Build.0 = Release|Any CPU
	EndGlobalSection
	GlobalSection(SolutionProperties) = preSolution
		HideSolutionNode = FALSE
	EndGlobalSection
EndGlobal
